
Microsoft Visual Studio Solution File, Format Version 12.00
# Visual Studio Version 16
VisualStudioVersion = 16.0.29905.134
MinimumVisualStudioVersion = 10.0.40219.1
Project("{9A19103F-16F7-4668-BE54-9A1E7A4F7556}") = "NotificacionesDigitalesApi", "NotificacionesDigitalesApi\NotificacionesDigitalesApi.csproj", "{07B205C3-E9BE-4B27-A6A4-DBED060D35C6}"
EndProject
Project("{9A19103F-16F7-4668-BE54-9A1E7A4F7556}") = "Processor", "Processor\Processor.csproj", "{A497C69C-2D3D-4A54-B3C7-BC14E108D98F}"
EndProject
Project("{9A19103F-16F7-4668-BE54-9A1E7A4F7556}") = "Common", "Common\Common.csproj", "{6F372006-DDAA-4913-8BB9-856101E951E6}"
EndProject
Project("{9A19103F-16F7-4668-BE54-9A1E7A4F7556}") = "Notificaciones.Backend.Api.Gateway", "Notificaciones.Backend.Api.Gateway\Notificaciones.Backend.Api.Gateway.csproj", "{44D91479-A177-492F-9D0B-F6586E238C85}"
EndProject
Project("{9A19103F-16F7-4668-BE54-9A1E7A4F7556}") = "NotificacionesService", "NotificacionesService\NotificacionesService.csproj", "{5B947F39-6D68-4B57-9C06-787ED5CDF571}"
EndProject
Project("{9A19103F-16F7-4668-BE54-9A1E7A4F7556}") = "NotificacionesDigitalesProcessor", "NotificacionesDigitalesProcessor\NotificacionesDigitalesProcessor.csproj", "{C8827AF9-F103-4C10-871B-20AD44F21CBF}"
EndProject
Global
	GlobalSection(SolutionConfigurationPlatforms) = preSolution
		Debug|Any CPU = Debug|Any CPU
		Release|Any CPU = Release|Any CPU
	EndGlobalSection
	GlobalSection(ProjectConfigurationPlatforms) = postSolution
		{07B205C3-E9BE-4B27-A6A4-DBED060D35C6}.Debug|Any CPU.ActiveCfg = Debug|Any CPU
		{07B205C3-E9BE-4B27-A6A4-DBED060D35C6}.Debug|Any CPU.Build.0 = Debug|Any CPU
		{07B205C3-E9BE-4B27-A6A4-DBED060D35C6}.Release|Any CPU.ActiveCfg = Release|Any CPU
		{07B205C3-E9BE-4B27-A6A4-DBED060D35C6}.Release|Any CPU.Build.0 = Release|Any CPU
		{A497C69C-2D3D-4A54-B3C7-BC14E108D98F}.Debug|Any CPU.ActiveCfg = Debug|Any CPU
		{A497C69C-2D3D-4A54-B3C7-BC14E108D98F}.Debug|Any CPU.Build.0 = Debug|Any CPU
		{A497C69C-2D3D-4A54-B3C7-BC14E108D98F}.Release|Any CPU.ActiveCfg = Release|Any CPU
		{A497C69C-2D3D-4A54-B3C7-BC14E108D98F}.Release|Any CPU.Build.0 = Release|Any CPU
		{6F372006-DDAA-4913-8BB9-856101E951E6}.Debug|Any CPU.ActiveCfg = Debug|Any CPU
		{6F372006-DDAA-4913-8BB9-856101E951E6}.Debug|Any CPU.Build.0 = Debug|Any CPU
		{6F372006-DDAA-4913-8BB9-856101E951E6}.Release|Any CPU.ActiveCfg = Release|Any CPU
		{6F372006-DDAA-4913-8BB9-856101E951E6}.Release|Any CPU.Build.0 = Release|Any CPU
		{44D91479-A177-492F-9D0B-F6586E238C85}.Debug|Any CPU.ActiveCfg = Debug|Any CPU
		{44D91479-A177-492F-9D0B-F6586E238C85}.Debug|Any CPU.Build.0 = Debug|Any CPU
		{44D91479-A177-492F-9D0B-F6586E238C85}.Release|Any CPU.ActiveCfg = Release|Any CPU
		{44D91479-A177-492F-9D0B-F6586E238C85}.Release|Any CPU.Build.0 = Release|Any CPU
		{5B947F39-6D68-4B57-9C06-787ED5CDF571}.Debug|Any CPU.ActiveCfg = Debug|Any CPU
		{5B947F39-6D68-4B57-9C06-787ED5CDF571}.Debug|Any CPU.Build.0 = Debug|Any CPU
		{5B947F39-6D68-4B57-9C06-787ED5CDF571}.Release|Any CPU.ActiveCfg = Release|Any CPU
		{5B947F39-6D68-4B57-9C06-787ED5CDF571}.Release|Any CPU.Build.0 = Release|Any CPU
		{C8827AF9-F103-4C10-871B-20AD44F21CBF}.Debug|Any CPU.ActiveCfg = Debug|Any CPU
		{C8827AF9-F103-4C10-871B-20AD44F21CBF}.Debug|Any CPU.Build.0 = Debug|Any CPU
		{C8827AF9-F103-4C10-871B-20AD44F21CBF}.Release|Any CPU.ActiveCfg = Release|Any CPU
		{C8827AF9-F103-4C10-871B-20AD44F21CBF}.Release|Any CPU.Build.0 = Release|Any CPU
	EndGlobalSection
	GlobalSection(SolutionProperties) = preSolution
		HideSolutionNode = FALSE
	EndGlobalSection
	GlobalSection(ExtensibilityGlobals) = postSolution
		SolutionGuid = {254ED45C-9D31-4B15-A203-B6EE12FB293C}
	EndGlobalSection
EndGlobal
